
Microsoft Visual Studio Solution File, Format Version 12.00
# Visual Studio 15
VisualStudioVersion = 15.0.28307.136
MinimumVisualStudioVersion = 10.0.40219.1
Project("{8BC9CEB8-8B4A-11D0-8D11-00A0C91BC942}") = "Assignment1", "Assignment1\Assignment1.vcxproj", "{B456C04D-3AEE-49B4-AA4C-DF115C49E92A}"
EndProject
Global
	GlobalSection(SolutionConfigurationPlatforms) = preSolution
		Debug|x64 = Debug|x64
		Debug|x86 = Debug|x86
		Release|x64 = Release|x64
		Release|x86 = Release|x86
	EndGlobalSection
	GlobalSection(ProjectConfigurationPlatforms) = postSolution
		{B456C04D-3AEE-49B4-AA4C-DF115C49E92A}.Debug|x64.ActiveCfg = Debug|x64
		{B456C04D-3AEE-49B4-AA4C-DF115C49E92A}.Debug|x64.Build.0 = Debug|x64
		{B456C04D-3AEE-49B4-AA4C-DF115C49E92A}.Debug|x86.ActiveCfg = Debug|Win32
		{B456C04D-3AEE-49B4-AA4C-DF115C49E92A}.Debug|x86.Build.0 = Debug|Win32
		{B456C04D-3AEE-49B4-AA4C-DF115C49E92A}.Release|x64.ActiveCfg = Release|x64
		{B456C04D-3AEE-49B4-AA4C-DF115C49E92A}.Release|x64.Build.0 = Release|x64
		{B456C04D-3AEE-49B4-AA4C-DF115C49E92A}.Release|x86.ActiveCfg = Release|Win32
		{B456C04D-3AEE-49B4-AA4C-DF115C49E92A}.Release|x86.Build.0 = Release|Win32
	EndGlobalSection
	GlobalSection(SolutionProperties) = preSolution
		HideSolutionNode = FALSE
	EndGlobalSection
	GlobalSection(ExtensibilityGlobals) = postSolution
		SolutionGuid = {9A9C41CD-4F5F-4613-A9B0-89BE6FBAD072}
	EndGlobalSection
EndGlobal
